// !$*UTF8*$!
{
	archiveVersion = 1;
	classes = {
	};
	objectVersion = 46;
	objects = {

/* Begin PBXBuildFile section */
		4C97E2A11D040300008E9D79 /* AppDelegate.swift in Sources */ = {isa = PBXBuildFile; fileRef = 4C97E2A01D040300008E9D79 /* AppDelegate.swift */; };
		4C97E2A31D040300008E9D79 /* ViewController.swift in Sources */ = {isa = PBXBuildFile; fileRef = 4C97E2A21D040300008E9D79 /* ViewController.swift */; };
		4C97E2A61D040300008E9D79 /* Main.storyboard in Resources */ = {isa = PBXBuildFile; fileRef = 4C97E2A41D040300008E9D79 /* Main.storyboard */; };
		4C97E2A81D040300008E9D79 /* Assets.xcassets in Resources */ = {isa = PBXBuildFile; fileRef = 4C97E2A71D040300008E9D79 /* Assets.xcassets */; };
		4C97E2AB1D040300008E9D79 /* LaunchScreen.storyboard in Resources */ = {isa = PBXBuildFile; fileRef = 4C97E2A91D040300008E9D79 /* LaunchScreen.storyboard */; };
		4C97E2B61D040300008E9D79 /* NeatTests.swift in Sources */ = {isa = PBXBuildFile; fileRef = 4C97E2B51D040300008E9D79 /* NeatTests.swift */; };
		4C97E2C11D040300008E9D79 /* NeatUITests.swift in Sources */ = {isa = PBXBuildFile; fileRef = 4C97E2C01D040300008E9D79 /* NeatUITests.swift */; };
/* End PBXBuildFile section */

/* Begin PBXContainerItemProxy section */
		4C97E2B21D040300008E9D79 /* PBXContainerItemProxy */ = {
			isa = PBXContainerItemProxy;
			containerPortal = 4C97E2951D040300008E9D79 /* Project object */;
			proxyType = 1;
			remoteGlobalIDString = 4C97E29C1D040300008E9D79;
			remoteInfo = Neat;
		};
		4C97E2BD1D040300008E9D79 /* PBXContainerItemProxy */ = {
			isa = PBXContainerItemProxy;
			containerPortal = 4C97E2951D040300008E9D79 /* Project object */;
			proxyType = 1;
			remoteGlobalIDString = 4C97E29C1D040300008E9D79;
			remoteInfo = Neat;
		};
/* End PBXContainerItemProxy section */

/* Begin PBXFileReference section */
		4C97E29D1D040300008E9D79 /* Neat.app */ = {isa = PBXFileReference; explicitFileType = wrapper.application; includeInIndex = 0; path = Neat.app; sourceTree = BUILT_PRODUCTS_DIR; };
		4C97E2A01D040300008E9D79 /* AppDelegate.swift */ = {isa = PBXFileReference; lastKnownFileType = sourcecode.swift; path = AppDelegate.swift; sourceTree = "<group>"; };
		4C97E2A21D040300008E9D79 /* ViewController.swift */ = {isa = PBXFileReference; lastKnownFileType = sourcecode.swift; path = ViewController.swift; sourceTree = "<group>"; };
		4C97E2A51D040300008E9D79 /* Base */ = {isa = PBXFileReference; lastKnownFileType = file.storyboard; name = Base; path = Base.lproj/Main.storyboard; sourceTree = "<group>"; };
		4C97E2A71D040300008E9D79 /* Assets.xcassets */ = {isa = PBXFileReference; lastKnownFileType = folder.assetcatalog; path = Assets.xcassets; sourceTree = "<group>"; };
		4C97E2AA1D040300008E9D79 /* Base */ = {isa = PBXFileReference; lastKnownFileType = file.storyboard; name = Base; path = Base.lproj/LaunchScreen.storyboard; sourceTree = "<group>"; };
		4C97E2AC1D040300008E9D79 /* Info.plist */ = {isa = PBXFileReference; lastKnownFileType = text.plist.xml; path = Info.plist; sourceTree = "<group>"; };
		4C97E2B11D040300008E9D79 /* NeatTests.xctest */ = {isa = PBXFileReference; explicitFileType = wrapper.cfbundle; includeInIndex = 0; path = NeatTests.xctest; sourceTree = BUILT_PRODUCTS_DIR; };
		4C97E2B51D040300008E9D79 /* NeatTests.swift */ = {isa = PBXFileReference; lastKnownFileType = sourcecode.swift; path = NeatTests.swift; sourceTree = "<group>"; };
		4C97E2B71D040300008E9D79 /* Info.plist */ = {isa = PBXFileReference; lastKnownFileType = text.plist.xml; path = Info.plist; sourceTree = "<group>"; };
		4C97E2BC1D040300008E9D79 /* NeatUITests.xctest */ = {isa = PBXFileReference; explicitFileType = wrapper.cfbundle; includeInIndex = 0; path = NeatUITests.xctest; sourceTree = BUILT_PRODUCTS_DIR; };
		4C97E2C01D040300008E9D79 /* NeatUITests.swift */ = {isa = PBXFileReference; lastKnownFileType = sourcecode.swift; path = NeatUITests.swift; sourceTree = "<group>"; };
		4C97E2C21D040300008E9D79 /* Info.plist */ = {isa = PBXFileReference; lastKnownFileType = text.plist.xml; path = Info.plist; sourceTree = "<group>"; };
/* End PBXFileReference section */

/* Begin PBXFrameworksBuildPhase section */
		4C97E29A1D040300008E9D79 /* Frameworks */ = {
			isa = PBXFrameworksBuildPhase;
			buildActionMask = 2147483647;
			files = (
			);
			runOnlyForDeploymentPostprocessing = 0;
		};
		4C97E2AE1D040300008E9D79 /* Frameworks */ = {
			isa = PBXFrameworksBuildPhase;
			buildActionMask = 2147483647;
			files = (
			);
			runOnlyForDeploymentPostprocessing = 0;
		};
		4C97E2B91D040300008E9D79 /* Frameworks */ = {
			isa = PBXFrameworksBuildPhase;
			buildActionMask = 2147483647;
			files = (
			);
			runOnlyForDeploymentPostprocessing = 0;
		};
/* End PBXFrameworksBuildPhase section */

/* Begin PBXGroup section */
		4C97E2941D040300008E9D79 = {
			isa = PBXGroup;
			children = (
				4C97E29F1D040300008E9D79 /* Neat */,
				4C97E2B41D040300008E9D79 /* NeatTests */,
				4C97E2BF1D040300008E9D79 /* NeatUITests */,
				4C97E29E1D040300008E9D79 /* Products */,
			);
			sourceTree = "<group>";
		};
		4C97E29E1D040300008E9D79 /* Products */ = {
			isa = PBXGroup;
			children = (
				4C97E29D1D040300008E9D79 /* Neat.app */,
				4C97E2B11D040300008E9D79 /* NeatTests.xctest */,
				4C97E2BC1D040300008E9D79 /* NeatUITests.xctest */,
			);
			name = Products;
			sourceTree = "<group>";
		};
		4C97E29F1D040300008E9D79 /* Neat */ = {
			isa = PBXGroup;
			children = (
				4C97E2A01D040300008E9D79 /* AppDelegate.swift */,
				4C97E2A21D040300008E9D79 /* ViewController.swift */,
				4C97E2A41D040300008E9D79 /* Main.storyboard */,
				4C97E2A71D040300008E9D79 /* Assets.xcassets */,
				4C97E2A91D040300008E9D79 /* LaunchScreen.storyboard */,
				4C97E2AC1D040300008E9D79 /* Info.plist */,
			);
			path = Neat;
			sourceTree = "<group>";
		};
		4C97E2B41D040300008E9D79 /* NeatTests */ = {
			isa = PBXGroup;
			children = (
				4C97E2B51D040300008E9D79 /* NeatTests.swift */,
				4C97E2B71D040300008E9D79 /* Info.plist */,
			);
			path = NeatTests;
			sourceTree = "<group>";
		};
		4C97E2BF1D040300008E9D79 /* NeatUITests */ = {
			isa = PBXGroup;
			children = (
				4C97E2C01D040300008E9D79 /* NeatUITests.swift */,
				4C97E2C21D040300008E9D79 /* Info.plist */,
			);
			path = NeatUITests;
			sourceTree = "<group>";
		};
/* End PBXGroup section */

/* Begin PBXNativeTarget section */
		4C97E29C1D040300008E9D79 /* Neat */ = {
			isa = PBXNativeTarget;
			buildConfigurationList = 4C97E2C51D040300008E9D79 /* Build configuration list for PBXNativeTarget "Neat" */;
			buildPhases = (
				4C97E2991D040300008E9D79 /* Sources */,
				4C97E29A1D040300008E9D79 /* Frameworks */,
				4C97E29B1D040300008E9D79 /* Resources */,
			);
			buildRules = (
			);
			dependencies = (
			);
			name = Neat;
			productName = Neat;
			productReference = 4C97E29D1D040300008E9D79 /* Neat.app */;
			productType = "com.apple.product-type.application";
		};
		4C97E2B01D040300008E9D79 /* NeatTests */ = {
			isa = PBXNativeTarget;
			buildConfigurationList = 4C97E2C81D040300008E9D79 /* Build configuration list for PBXNativeTarget "NeatTests" */;
			buildPhases = (
				4C97E2AD1D040300008E9D79 /* Sources */,
				4C97E2AE1D040300008E9D79 /* Frameworks */,
				4C97E2AF1D040300008E9D79 /* Resources */,
			);
			buildRules = (
			);
			dependencies = (
				4C97E2B31D040300008E9D79 /* PBXTargetDependency */,
			);
			name = NeatTests;
			productName = NeatTests;
			productReference = 4C97E2B11D040300008E9D79 /* NeatTests.xctest */;
			productType = "com.apple.product-type.bundle.unit-test";
		};
		4C97E2BB1D040300008E9D79 /* NeatUITests */ = {
			isa = PBXNativeTarget;
			buildConfigurationList = 4C97E2CB1D040300008E9D79 /* Build configuration list for PBXNativeTarget "NeatUITests" */;
			buildPhases = (
				4C97E2B81D040300008E9D79 /* Sources */,
				4C97E2B91D040300008E9D79 /* Frameworks */,
				4C97E2BA1D040300008E9D79 /* Resources */,
			);
			buildRules = (
			);
			dependencies = (
				4C97E2BE1D040300008E9D79 /* PBXTargetDependency */,
			);
			name = NeatUITests;
			productName = NeatUITests;
			productReference = 4C97E2BC1D040300008E9D79 /* NeatUITests.xctest */;
			productType = "com.apple.product-type.bundle.ui-testing";
		};
/* End PBXNativeTarget section */

/* Begin PBXProject section */
		4C97E2951D040300008E9D79 /* Project object */ = {
			isa = PBXProject;
			attributes = {
				LastSwiftUpdateCheck = 0730;
				LastUpgradeCheck = 0730;
				ORGANIZATIONNAME = "Michael Hulet";
				TargetAttributes = {
					4C97E29C1D040300008E9D79 = {
						CreatedOnToolsVersion = 7.3.1;
					};
					4C97E2B01D040300008E9D79 = {
						CreatedOnToolsVersion = 7.3.1;
						TestTargetID = 4C97E29C1D040300008E9D79;
					};
					4C97E2BB1D040300008E9D79 = {
						CreatedOnToolsVersion = 7.3.1;
						TestTargetID = 4C97E29C1D040300008E9D79;
					};
				};
			};
			buildConfigurationList = 4C97E2981D040300008E9D79 /* Build configuration list for PBXProject "Neat" */;
			compatibilityVersion = "Xcode 3.2";
			developmentRegion = English;
			hasScannedForEncodings = 0;
			knownRegions = (
				en,
				Base,
			);
			mainGroup = 4C97E2941D040300008E9D79;
			productRefGroup = 4C97E29E1D040300008E9D79 /* Products */;
			projectDirPath = "";
			projectRoot = "";
			targets = (
				4C97E29C1D040300008E9D79 /* Neat */,
				4C97E2B01D040300008E9D79 /* NeatTests */,
				4C97E2BB1D040300008E9D79 /* NeatUITests */,
			);
		};
/* End PBXProject section */

/* Begin PBXResourcesBuildPhase section */
		4C97E29B1D040300008E9D79 /* Resources */ = {
			isa = PBXResourcesBuildPhase;
			buildActionMask = 2147483647;
			files = (
				4C97E2AB1D040300008E9D79 /* LaunchScreen.storyboard in Resources */,
				4C97E2A81D040300008E9D79 /* Assets.xcassets in Resources */,
				4C97E2A61D040300008E9D79 /* Main.storyboard in Resources */,
			);
			runOnlyForDeploymentPostprocessing = 0;
		};
		4C97E2AF1D040300008E9D79 /* Resources */ = {
			isa = PBXResourcesBuildPhase;
			buildActionMask = 2147483647;
			files = (
			);
			runOnlyForDeploymentPostprocessing = 0;
		};
		4C97E2BA1D040300008E9D79 /* Resources */ = {
			isa = PBXResourcesBuildPhase;
			buildActionMask = 2147483647;
			files = (
			);
			runOnlyForDeploymentPostprocessing = 0;
		};
/* End PBXResourcesBuildPhase section */

/* Begin PBXSourcesBuildPhase section */
		4C97E2991D040300008E9D79 /* Sources */ = {
			isa = PBXSourcesBuildPhase;
			buildActionMask = 2147483647;
			files = (
				4C97E2A31D040300008E9D79 /* ViewController.swift in Sources */,
				4C97E2A11D040300008E9D79 /* AppDelegate.swift in Sources */,
			);
			runOnlyForDeploymentPostprocessing = 0;
		};
		4C97E2AD1D040300008E9D79 /* Sources */ = {
			isa = PBXSourcesBuildPhase;
			buildActionMask = 2147483647;
			files = (
				4C97E2B61D040300008E9D79 /* NeatTests.swift in Sources */,
			);
			runOnlyForDeploymentPostprocessing = 0;
		};
		4C97E2B81D040300008E9D79 /* Sources */ = {
			isa = PBXSourcesBuildPhase;
			buildActionMask = 2147483647;
			files = (
				4C97E2C11D040300008E9D79 /* NeatUITests.swift in Sources */,
			);
			runOnlyForDeploymentPostprocessing = 0;
		};
/* End PBXSourcesBuildPhase section */

/* Begin PBXTargetDependency section */
		4C97E2B31D040300008E9D79 /* PBXTargetDependency */ = {
			isa = PBXTargetDependency;
			target = 4C97E29C1D040300008E9D79 /* Neat */;
			targetProxy = 4C97E2B21D040300008E9D79 /* PBXContainerItemProxy */;
		};
		4C97E2BE1D040300008E9D79 /* PBXTargetDependency */ = {
			isa = PBXTargetDependency;
			target = 4C97E29C1D040300008E9D79 /* Neat */;
			targetProxy = 4C97E2BD1D040300008E9D79 /* PBXContainerItemProxy */;
		};
/* End PBXTargetDependency section */

/* Begin PBXVariantGroup section */
		4C97E2A41D040300008E9D79 /* Main.storyboard */ = {
			isa = PBXVariantGroup;
			children = (
				4C97E2A51D040300008E9D79 /* Base */,
			);
			name = Main.storyboard;
			sourceTree = "<group>";
		};
		4C97E2A91D040300008E9D79 /* LaunchScreen.storyboard */ = {
			isa = PBXVariantGroup;
			children = (
				4C97E2AA1D040300008E9D79 /* Base */,
			);
			name = LaunchScreen.storyboard;
			sourceTree = "<group>";
		};
/* End PBXVariantGroup section */

/* Begin XCBuildConfiguration section */
		4C97E2C31D040300008E9D79 /* Debug */ = {
			isa = XCBuildConfiguration;
			buildSettings = {
				ALWAYS_SEARCH_USER_PATHS = NO;
				CLANG_ANALYZER_NONNULL = YES;
				CLANG_CXX_LANGUAGE_STANDARD = "gnu++0x";
				CLANG_CXX_LIBRARY = "libc++";
				CLANG_ENABLE_MODULES = YES;
				CLANG_ENABLE_OBJC_ARC = YES;
				CLANG_WARN_BOOL_CONVERSION = YES;
				CLANG_WARN_CONSTANT_CONVERSION = YES;
				CLANG_WARN_DIRECT_OBJC_ISA_USAGE = YES_ERROR;
				CLANG_WARN_EMPTY_BODY = YES;
				CLANG_WARN_ENUM_CONVERSION = YES;
				CLANG_WARN_INT_CONVERSION = YES;
				CLANG_WARN_OBJC_ROOT_CLASS = YES_ERROR;
				CLANG_WARN_UNREACHABLE_CODE = YES;
				CLANG_WARN__DUPLICATE_METHOD_MATCH = YES;
				"CODE_SIGN_IDENTITY[sdk=iphoneos*]" = "iPhone Developer";
				COPY_PHASE_STRIP = NO;
				DEBUG_INFORMATION_FORMAT = dwarf;
				ENABLE_STRICT_OBJC_MSGSEND = YES;
				ENABLE_TESTABILITY = YES;
				GCC_C_LANGUAGE_STANDARD = gnu99;
				GCC_DYNAMIC_NO_PIC = NO;
				GCC_NO_COMMON_BLOCKS = YES;
				GCC_OPTIMIZATION_LEVEL = 0;
				GCC_PREPROCESSOR_DEFINITIONS = (
					"DEBUG=1",
					"$(inherited)",
				);
				GCC_WARN_64_TO_32_BIT_CONVERSION = YES;
				GCC_WARN_ABOUT_RETURN_TYPE = YES_ERROR;
				GCC_WARN_UNDECLARED_SELECTOR = YES;
				GCC_WARN_UNINITIALIZED_AUTOS = YES_AGGRESSIVE;
				GCC_WARN_UNUSED_FUNCTION = YES;
				GCC_WARN_UNUSED_VARIABLE = YES;
				IPHONEOS_DEPLOYMENT_TARGET = 9.3;
				MTL_ENABLE_DEBUG_INFO = YES;
				ONLY_ACTIVE_ARCH = YES;
				SDKROOT = iphoneos;
				SWIFT_OPTIMIZATION_LEVEL = "-Onone";
			};
			name = Debug;
		};
		4C97E2C41D040300008E9D79 /* Release */ = {
			isa = XCBuildConfiguration;
			buildSettings = {
				ALWAYS_SEARCH_USER_PATHS = NO;
				CLANG_ANALYZER_NONNULL = YES;
				CLANG_CXX_LANGUAGE_STANDARD = "gnu++0x";
				CLANG_CXX_LIBRARY = "libc++";
				CLANG_ENABLE_MODULES = YES;
				CLANG_ENABLE_OBJC_ARC = YES;
				CLANG_WARN_BOOL_CONVERSION = YES;
				CLANG_WARN_CONSTANT_CONVERSION = YES;
				CLANG_WARN_DIRECT_OBJC_ISA_USAGE = YES_ERROR;
				CLANG_WARN_EMPTY_BODY = YES;
				CLANG_WARN_ENUM_CONVERSION = YES;
				CLANG_WARN_INT_CONVERSION = YES;
				CLANG_WARN_OBJC_ROOT_CLASS = YES_ERROR;
				CLANG_WARN_UNREACHABLE_CODE = YES;
				CLANG_WARN__DUPLICATE_METHOD_MATCH = YES;
				"CODE_SIGN_IDENTITY[sdk=iphoneos*]" = "iPhone Developer";
				COPY_PHASE_STRIP = NO;
				DEBUG_INFORMATION_FORMAT = "dwarf-with-dsym";
				ENABLE_NS_ASSERTIONS = NO;
				ENABLE_STRICT_OBJC_MSGSEND = YES;
				GCC_C_LANGUAGE_STANDARD = gnu99;
				GCC_NO_COMMON_BLOCKS = YES;
				GCC_WARN_64_TO_32_BIT_CONVERSION = YES;
				GCC_WARN_ABOUT_RETURN_TYPE = YES_ERROR;
				GCC_WARN_UNDECLARED_SELECTOR = YES;
				GCC_WARN_UNINITIALIZED_AUTOS = YES_AGGRESSIVE;
				GCC_WARN_UNUSED_FUNCTION = YES;
				GCC_WARN_UNUSED_VARIABLE = YES;
				IPHONEOS_DEPLOYMENT_TARGET = 9.3;
				MTL_ENABLE_DEBUG_INFO = NO;
				SDKROOT = iphoneos;
				VALIDATE_PRODUCT = YES;
			};
			name = Release;
		};
		4C97E2C61D040300008E9D79 /* Debug */ = {
			isa = XCBuildConfiguration;
			buildSettings = {
				ASSETCATALOG_COMPILER_APPICON_NAME = AppIcon;
				INFOPLIST_FILE = Neat/Info.plist;
				LD_RUNPATH_SEARCH_PATHS = "$(inherited) @executable_path/Frameworks";
				PRODUCT_BUNDLE_IDENTIFIER = me.hulet.michael.Neat;
				PRODUCT_NAME = "$(TARGET_NAME)";
			};
			name = Debug;
		};
		4C97E2C71D040300008E9D79 /* Release */ = {
			isa = XCBuildConfiguration;
			buildSettings = {
				ASSETCATALOG_COMPILER_APPICON_NAME = AppIcon;
				INFOPLIST_FILE = Neat/Info.plist;
				LD_RUNPATH_SEARCH_PATHS = "$(inherited) @executable_path/Frameworks";
				PRODUCT_BUNDLE_IDENTIFIER = me.hulet.michael.Neat;
				PRODUCT_NAME = "$(TARGET_NAME)";
			};
			name = Release;
		};
		4C97E2C91D040300008E9D79 /* Debug */ = {
			isa = XCBuildConfiguration;
			buildSettings = {
				BUNDLE_LOADER = "$(TEST_HOST)";
				INFOPLIST_FILE = NeatTests/Info.plist;
				LD_RUNPATH_SEARCH_PATHS = "$(inherited) @executable_path/Frameworks @loader_path/Frameworks";
				PRODUCT_BUNDLE_IDENTIFIER = me.hulet.michael.NeatTests;
				PRODUCT_NAME = "$(TARGET_NAME)";
				TEST_HOST = "$(BUILT_PRODUCTS_DIR)/Neat.app/Neat";
			};
			name = Debug;
		};
		4C97E2CA1D040300008E9D79 /* Release */ = {
			isa = XCBuildConfiguration;
			buildSettings = {
				BUNDLE_LOADER = "$(TEST_HOST)";
				INFOPLIST_FILE = NeatTests/Info.plist;
				LD_RUNPATH_SEARCH_PATHS = "$(inherited) @executable_path/Frameworks @loader_path/Frameworks";
				PRODUCT_BUNDLE_IDENTIFIER = me.hulet.michael.NeatTests;
				PRODUCT_NAME = "$(TARGET_NAME)";
				TEST_HOST = "$(BUILT_PRODUCTS_DIR)/Neat.app/Neat";
			};
			name = Release;
		};
		4C97E2CC1D040300008E9D79 /* Debug */ = {
			isa = XCBuildConfiguration;
			buildSettings = {
				INFOPLIST_FILE = NeatUITests/Info.plist;
				LD_RUNPATH_SEARCH_PATHS = "$(inherited) @executable_path/Frameworks @loader_path/Frameworks";
				PRODUCT_BUNDLE_IDENTIFIER = me.hulet.michael.NeatUITests;
				PRODUCT_NAME = "$(TARGET_NAME)";
				TEST_TARGET_NAME = Neat;
			};
			name = Debug;
		};
		4C97E2CD1D040300008E9D79 /* Release */ = {
			isa = XCBuildConfiguration;
			buildSettings = {
				INFOPLIST_FILE = NeatUITests/Info.plist;
				LD_RUNPATH_SEARCH_PATHS = "$(inherited) @executable_path/Frameworks @loader_path/Frameworks";
				PRODUCT_BUNDLE_IDENTIFIER = me.hulet.michael.NeatUITests;
				PRODUCT_NAME = "$(TARGET_NAME)";
				TEST_TARGET_NAME = Neat;
			};
			name = Release;
		};
/* End XCBuildConfiguration section */

/* Begin XCConfigurationList section */
		4C97E2981D040300008E9D79 /* Build configuration list for PBXProject "Neat" */ = {
			isa = XCConfigurationList;
			buildConfigurations = (
				4C97E2C31D040300008E9D79 /* Debug */,
				4C97E2C41D040300008E9D79 /* Release */,
			);
			defaultConfigurationIsVisible = 0;
			defaultConfigurationName = Release;
		};
		4C97E2C51D040300008E9D79 /* Build configuration list for PBXNativeTarget "Neat" */ = {
			isa = XCConfigurationList;
			buildConfigurations = (
				4C97E2C61D040300008E9D79 /* Debug */,
				4C97E2C71D040300008E9D79 /* Release */,
			);
			defaultConfigurationIsVisible = 0;
		};
		4C97E2C81D040300008E9D79 /* Build configuration list for PBXNativeTarget "NeatTests" */ = {
			isa = XCConfigurationList;
			buildConfigurations = (
				4C97E2C91D040300008E9D79 /* Debug */,
				4C97E2CA1D040300008E9D79 /* Release */,
			);
			defaultConfigurationIsVisible = 0;
		};
		4C97E2CB1D040300008E9D79 /* Build configuration list for PBXNativeTarget "NeatUITests" */ = {
			isa = XCConfigurationList;
			buildConfigurations = (
				4C97E2CC1D040300008E9D79 /* Debug */,
				4C97E2CD1D040300008E9D79 /* Release */,
			);
			defaultConfigurationIsVisible = 0;
		};
/* End XCConfigurationList section */
	};
	rootObject = 4C97E2951D040300008E9D79 /* Project object */;
}
